
Microsoft Visual Studio Solution File, Format Version 12.00
# Visual Studio Version 17
VisualStudioVersion = 17.14.36408.4 d17.14
MinimumVisualStudioVersion = 10.0.40219.1
Project("{FAE04EC0-301F-11D3-BF4B-00C04F79EFBC}") = "Day48", "Day48\Day48.csproj", "{C2CE964C-39CA-4644-8F6B-54CEB11EB864}"
EndProject
Global
	GlobalSection(SolutionConfigurationPlatforms) = preSolution
		Debug|Any CPU = Debug|Any CPU
		Release|Any CPU = Release|Any CPU
	EndGlobalSection
	GlobalSection(ProjectConfigurationPlatforms) = postSolution
		{C2CE964C-39CA-4644-8F6B-54CEB11EB864}.Debug|Any CPU.ActiveCfg = Debug|Any CPU
		{C2CE964C-39CA-4644-8F6B-54CEB11EB864}.Debug|Any CPU.Build.0 = Debug|Any CPU
		{C2CE964C-39CA-4644-8F6B-54CEB11EB864}.Release|Any CPU.ActiveCfg = Release|Any CPU
		{C2CE964C-39CA-4644-8F6B-54CEB11EB864}.Release|Any CPU.Build.0 = Release|Any CPU
	EndGlobalSection
	GlobalSection(SolutionProperties) = preSolution
		HideSolutionNode = FALSE
	EndGlobalSection
	GlobalSection(ExtensibilityGlobals) = postSolution
		SolutionGuid = {23B77D61-68E9-4145-AA7B-634D60D7FDC3}
	EndGlobalSection
EndGlobal
