
Microsoft Visual Studio Solution File, Format Version 12.00
# Visual Studio Version 17
VisualStudioVersion = 17.14.36408.4 d17.14
MinimumVisualStudioVersion = 10.0.40219.1
Project("{FAE04EC0-301F-11D3-BF4B-00C04F79EFBC}") = "Day55", "Day55\Day55.csproj", "{AD3522CC-96A6-41AB-A89A-06E1FF682542}"
EndProject
Global
	GlobalSection(SolutionConfigurationPlatforms) = preSolution
		Debug|Any CPU = Debug|Any CPU
		Release|Any CPU = Release|Any CPU
	EndGlobalSection
	GlobalSection(ProjectConfigurationPlatforms) = postSolution
		{AD3522CC-96A6-41AB-A89A-06E1FF682542}.Debug|Any CPU.ActiveCfg = Debug|Any CPU
		{AD3522CC-96A6-41AB-A89A-06E1FF682542}.Debug|Any CPU.Build.0 = Debug|Any CPU
		{AD3522CC-96A6-41AB-A89A-06E1FF682542}.Release|Any CPU.ActiveCfg = Release|Any CPU
		{AD3522CC-96A6-41AB-A89A-06E1FF682542}.Release|Any CPU.Build.0 = Release|Any CPU
	EndGlobalSection
	GlobalSection(SolutionProperties) = preSolution
		HideSolutionNode = FALSE
	EndGlobalSection
	GlobalSection(ExtensibilityGlobals) = postSolution
		SolutionGuid = {A8CDE823-61FD-4A92-B485-7262D380940A}
	EndGlobalSection
EndGlobal
