
Microsoft Visual Studio Solution File, Format Version 12.00
# Visual Studio Version 17
VisualStudioVersion = 17.14.36408.4 d17.14
MinimumVisualStudioVersion = 10.0.40219.1
Project("{FAE04EC0-301F-11D3-BF4B-00C04F79EFBC}") = "Day58", "Day58\Day58.csproj", "{FAD9EE30-5FB5-40E4-9D18-973B388F3AAF}"
EndProject
Global
	GlobalSection(SolutionConfigurationPlatforms) = preSolution
		Debug|Any CPU = Debug|Any CPU
		Release|Any CPU = Release|Any CPU
	EndGlobalSection
	GlobalSection(ProjectConfigurationPlatforms) = postSolution
		{FAD9EE30-5FB5-40E4-9D18-973B388F3AAF}.Debug|Any CPU.ActiveCfg = Debug|Any CPU
		{FAD9EE30-5FB5-40E4-9D18-973B388F3AAF}.Debug|Any CPU.Build.0 = Debug|Any CPU
		{FAD9EE30-5FB5-40E4-9D18-973B388F3AAF}.Release|Any CPU.ActiveCfg = Release|Any CPU
		{FAD9EE30-5FB5-40E4-9D18-973B388F3AAF}.Release|Any CPU.Build.0 = Release|Any CPU
	EndGlobalSection
	GlobalSection(SolutionProperties) = preSolution
		HideSolutionNode = FALSE
	EndGlobalSection
	GlobalSection(ExtensibilityGlobals) = postSolution
		SolutionGuid = {DF30BA0C-1A18-4870-8906-8A19838E121E}
	EndGlobalSection
EndGlobal
