
Microsoft Visual Studio Solution File, Format Version 12.00
# Visual Studio Version 17
VisualStudioVersion = 17.14.36408.4 d17.14
MinimumVisualStudioVersion = 10.0.40219.1
Project("{FAE04EC0-301F-11D3-BF4B-00C04F79EFBC}") = "Day17", "Day17\Day17.csproj", "{9EA3491C-0DBD-494B-810A-39B5F1E82DEA}"
EndProject
Global
	GlobalSection(SolutionConfigurationPlatforms) = preSolution
		Debug|Any CPU = Debug|Any CPU
		Release|Any CPU = Release|Any CPU
	EndGlobalSection
	GlobalSection(ProjectConfigurationPlatforms) = postSolution
		{9EA3491C-0DBD-494B-810A-39B5F1E82DEA}.Debug|Any CPU.ActiveCfg = Debug|Any CPU
		{9EA3491C-0DBD-494B-810A-39B5F1E82DEA}.Debug|Any CPU.Build.0 = Debug|Any CPU
		{9EA3491C-0DBD-494B-810A-39B5F1E82DEA}.Release|Any CPU.ActiveCfg = Release|Any CPU
		{9EA3491C-0DBD-494B-810A-39B5F1E82DEA}.Release|Any CPU.Build.0 = Release|Any CPU
	EndGlobalSection
	GlobalSection(SolutionProperties) = preSolution
		HideSolutionNode = FALSE
	EndGlobalSection
	GlobalSection(ExtensibilityGlobals) = postSolution
		SolutionGuid = {CEFEBF1F-CCF9-4DB0-A72E-F5B43A50D92E}
	EndGlobalSection
EndGlobal
