
Microsoft Visual Studio Solution File, Format Version 12.00
# Visual Studio Version 17
VisualStudioVersion = 17.14.36408.4 d17.14
MinimumVisualStudioVersion = 10.0.40219.1
Project("{FAE04EC0-301F-11D3-BF4B-00C04F79EFBC}") = "Day23", "Day23\Day23.csproj", "{F2F54967-358E-409A-BC44-FBF11AA4BEEE}"
EndProject
Global
	GlobalSection(SolutionConfigurationPlatforms) = preSolution
		Debug|Any CPU = Debug|Any CPU
		Release|Any CPU = Release|Any CPU
	EndGlobalSection
	GlobalSection(ProjectConfigurationPlatforms) = postSolution
		{F2F54967-358E-409A-BC44-FBF11AA4BEEE}.Debug|Any CPU.ActiveCfg = Debug|Any CPU
		{F2F54967-358E-409A-BC44-FBF11AA4BEEE}.Debug|Any CPU.Build.0 = Debug|Any CPU
		{F2F54967-358E-409A-BC44-FBF11AA4BEEE}.Release|Any CPU.ActiveCfg = Release|Any CPU
		{F2F54967-358E-409A-BC44-FBF11AA4BEEE}.Release|Any CPU.Build.0 = Release|Any CPU
	EndGlobalSection
	GlobalSection(SolutionProperties) = preSolution
		HideSolutionNode = FALSE
	EndGlobalSection
	GlobalSection(ExtensibilityGlobals) = postSolution
		SolutionGuid = {5695B1EB-E416-4BB4-9FB8-DCBE8BD88079}
	EndGlobalSection
EndGlobal
